
Microsoft Visual Studio Solution File, Format Version 12.00
# Visual Studio Version 16
VisualStudioVersion = 16.0.29709.97
MinimumVisualStudioVersion = 10.0.40219.1
Project("{FAE04EC0-301F-11D3-BF4B-00C04F79EFBC}") = "sampleAZRedisCache", "sampleAZRedisCache\sampleAZRedisCache.csproj", "{B8858777-8987-4F1E-9777-EF98475C5FBB}"
EndProject
Global
	GlobalSection(SolutionConfigurationPlatforms) = preSolution
		Debug|Any CPU = Debug|Any CPU
		Release|Any CPU = Release|Any CPU
	EndGlobalSection
	GlobalSection(ProjectConfigurationPlatforms) = postSolution
		{B8858777-8987-4F1E-9777-EF98475C5FBB}.Debug|Any CPU.ActiveCfg = Debug|Any CPU
		{B8858777-8987-4F1E-9777-EF98475C5FBB}.Debug|Any CPU.Build.0 = Debug|Any CPU
		{B8858777-8987-4F1E-9777-EF98475C5FBB}.Release|Any CPU.ActiveCfg = Release|Any CPU
		{B8858777-8987-4F1E-9777-EF98475C5FBB}.Release|Any CPU.Build.0 = Release|Any CPU
	EndGlobalSection
	GlobalSection(SolutionProperties) = preSolution
		HideSolutionNode = FALSE
	EndGlobalSection
	GlobalSection(ExtensibilityGlobals) = postSolution
		SolutionGuid = {51083E6B-B6F2-4279-AF29-DBC3453B2F63}
	EndGlobalSection
EndGlobal
